
Microsoft Visual Studio Solution File, Format Version 12.00
# Visual Studio Version 17
VisualStudioVersion = 17.0.31903.59
MinimumVisualStudioVersion = 10.0.40219.1
Project("{FAE04EC0-301F-11D3-BF4B-00C04F79EFBC}") = "TasksConsole", "TasksConsole\TasksConsole.csproj", "{0C2050C1-11A1-43EC-A946-EC4BC2B2C232}"
EndProject
Project("{FAE04EC0-301F-11D3-BF4B-00C04F79EFBC}") = "TasksExample.Tests", "TasksExample.Tests\TasksExample.Tests.csproj", "{420D10E9-92CD-4F88-9DD6-CCCF6D5A5FF3}"
EndProject
Project("{FAE04EC0-301F-11D3-BF4B-00C04F79EFBC}") = "TasksLib", "TasksLib\TasksLib.csproj", "{56983CFE-CF5C-49DD-9EB0-24EA3E2CA1C7}"
EndProject
Global
	GlobalSection(SolutionConfigurationPlatforms) = preSolution
		Debug|Any CPU = Debug|Any CPU
		Release|Any CPU = Release|Any CPU
	EndGlobalSection
	GlobalSection(SolutionProperties) = preSolution
		HideSolutionNode = FALSE
	EndGlobalSection
	GlobalSection(ProjectConfigurationPlatforms) = postSolution
		{0C2050C1-11A1-43EC-A946-EC4BC2B2C232}.Debug|Any CPU.ActiveCfg = Debug|Any CPU
		{0C2050C1-11A1-43EC-A946-EC4BC2B2C232}.Debug|Any CPU.Build.0 = Debug|Any CPU
		{0C2050C1-11A1-43EC-A946-EC4BC2B2C232}.Release|Any CPU.ActiveCfg = Release|Any CPU
		{0C2050C1-11A1-43EC-A946-EC4BC2B2C232}.Release|Any CPU.Build.0 = Release|Any CPU
		{420D10E9-92CD-4F88-9DD6-CCCF6D5A5FF3}.Debug|Any CPU.ActiveCfg = Debug|Any CPU
		{420D10E9-92CD-4F88-9DD6-CCCF6D5A5FF3}.Debug|Any CPU.Build.0 = Debug|Any CPU
		{420D10E9-92CD-4F88-9DD6-CCCF6D5A5FF3}.Release|Any CPU.ActiveCfg = Release|Any CPU
		{420D10E9-92CD-4F88-9DD6-CCCF6D5A5FF3}.Release|Any CPU.Build.0 = Release|Any CPU
		{56983CFE-CF5C-49DD-9EB0-24EA3E2CA1C7}.Debug|Any CPU.ActiveCfg = Debug|Any CPU
		{56983CFE-CF5C-49DD-9EB0-24EA3E2CA1C7}.Debug|Any CPU.Build.0 = Debug|Any CPU
		{56983CFE-CF5C-49DD-9EB0-24EA3E2CA1C7}.Release|Any CPU.ActiveCfg = Release|Any CPU
		{56983CFE-CF5C-49DD-9EB0-24EA3E2CA1C7}.Release|Any CPU.Build.0 = Release|Any CPU
	EndGlobalSection
EndGlobal
